
Microsoft Visual Studio Solution File, Format Version 12.00
# Visual Studio Version 17
VisualStudioVersion = 17.1.32210.238
MinimumVisualStudioVersion = 10.0.40219.1
Project("{8BC9CEB8-8B4A-11D0-8D11-00A0C91BC942}") = "Game_Server", "Game_Server\Game_Server.vcxproj", "{2EAAE522-48AE-4CC4-9465-A600F9C9526A}"
EndProject
Global
	GlobalSection(SolutionConfigurationPlatforms) = preSolution
		Debug|x64 = Debug|x64
		Debug|x86 = Debug|x86
		Release|x64 = Release|x64
		Release|x86 = Release|x86
	EndGlobalSection
	GlobalSection(ProjectConfigurationPlatforms) = postSolution
		{2EAAE522-48AE-4CC4-9465-A600F9C9526A}.Debug|x64.ActiveCfg = Debug|x64
		{2EAAE522-48AE-4CC4-9465-A600F9C9526A}.Debug|x64.Build.0 = Debug|x64
		{2EAAE522-48AE-4CC4-9465-A600F9C9526A}.Debug|x86.ActiveCfg = Debug|Win32
		{2EAAE522-48AE-4CC4-9465-A600F9C9526A}.Debug|x86.Build.0 = Debug|Win32
		{2EAAE522-48AE-4CC4-9465-A600F9C9526A}.Release|x64.ActiveCfg = Release|x64
		{2EAAE522-48AE-4CC4-9465-A600F9C9526A}.Release|x64.Build.0 = Release|x64
		{2EAAE522-48AE-4CC4-9465-A600F9C9526A}.Release|x86.ActiveCfg = Release|Win32
		{2EAAE522-48AE-4CC4-9465-A600F9C9526A}.Release|x86.Build.0 = Release|Win32
	EndGlobalSection
	GlobalSection(SolutionProperties) = preSolution
		HideSolutionNode = FALSE
	EndGlobalSection
	GlobalSection(ExtensibilityGlobals) = postSolution
		SolutionGuid = {DB099494-DE9D-4491-B7DB-44FC5D867061}
	EndGlobalSection
EndGlobal
